// !$*UTF8*$!
{
	archiveVersion = 1;
	classes = {
	};
	objectVersion = 46;
	objects = {

/* Begin PBXBuildFile section */
		0E07BA211E25F7B1000117A2 /* AppDelegate.swift in Sources */ = {isa = PBXBuildFile; fileRef = 0E07BA201E25F7B1000117A2 /* AppDelegate.swift */; };
		0E07BA231E25F7B1000117A2 /* ViewController.swift in Sources */ = {isa = PBXBuildFile; fileRef = 0E07BA221E25F7B1000117A2 /* ViewController.swift */; };
		0E07BA261E25F7B1000117A2 /* Main.storyboard in Resources */ = {isa = PBXBuildFile; fileRef = 0E07BA241E25F7B1000117A2 /* Main.storyboard */; };
		0E07BA281E25F7B1000117A2 /* Assets.xcassets in Resources */ = {isa = PBXBuildFile; fileRef = 0E07BA271E25F7B1000117A2 /* Assets.xcassets */; };
		0E07BA2B1E25F7B1000117A2 /* LaunchScreen.storyboard in Resources */ = {isa = PBXBuildFile; fileRef = 0E07BA291E25F7B1000117A2 /* LaunchScreen.storyboard */; };
		0E07BA331E25F802000117A2 /* GoogleService-Info.plist in Resources */ = {isa = PBXBuildFile; fileRef = 0E07BA321E25F802000117A2 /* GoogleService-Info.plist */; };
		73E8BB6015B605A9E39C9726 /* Pods_TestStuff.framework in Frameworks */ = {isa = PBXBuildFile; fileRef = B648D90812E840608E31734F /* Pods_TestStuff.framework */; };
/* End PBXBuildFile section */

/* Begin PBXFileReference section */
		0E07BA1D1E25F7B1000117A2 /* TestStuff.app */ = {isa = PBXFileReference; explicitFileType = wrapper.application; includeInIndex = 0; path = TestStuff.app; sourceTree = BUILT_PRODUCTS_DIR; };
		0E07BA201E25F7B1000117A2 /* AppDelegate.swift */ = {isa = PBXFileReference; lastKnownFileType = sourcecode.swift; path = AppDelegate.swift; sourceTree = "<group>"; };
		0E07BA221E25F7B1000117A2 /* ViewController.swift */ = {isa = PBXFileReference; lastKnownFileType = sourcecode.swift; path = ViewController.swift; sourceTree = "<group>"; };
		0E07BA251E25F7B1000117A2 /* Base */ = {isa = PBXFileReference; lastKnownFileType = file.storyboard; name = Base; path = Base.lproj/Main.storyboard; sourceTree = "<group>"; };
		0E07BA271E25F7B1000117A2 /* Assets.xcassets */ = {isa = PBXFileReference; lastKnownFileType = folder.assetcatalog; path = Assets.xcassets; sourceTree = "<group>"; };
		0E07BA2A1E25F7B1000117A2 /* Base */ = {isa = PBXFileReference; lastKnownFileType = file.storyboard; name = Base; path = Base.lproj/LaunchScreen.storyboard; sourceTree = "<group>"; };
		0E07BA2C1E25F7B1000117A2 /* Info.plist */ = {isa = PBXFileReference; lastKnownFileType = text.plist.xml; path = Info.plist; sourceTree = "<group>"; };
		0E07BA321E25F802000117A2 /* GoogleService-Info.plist */ = {isa = PBXFileReference; fileEncoding = 4; lastKnownFileType = text.plist.xml; path = "GoogleService-Info.plist"; sourceTree = "<group>"; };
		0EC7FA491E26C084002E7DE9 /* TestStuff.entitlements */ = {isa = PBXFileReference; lastKnownFileType = text.plist.entitlements; path = TestStuff.entitlements; sourceTree = "<group>"; };
		B648D90812E840608E31734F /* Pods_TestStuff.framework */ = {isa = PBXFileReference; explicitFileType = wrapper.framework; includeInIndex = 0; path = Pods_TestStuff.framework; sourceTree = BUILT_PRODUCTS_DIR; };
		CF52DAF09343AA9A9AC8CAD0 /* Pods-TestStuff.release.xcconfig */ = {isa = PBXFileReference; includeInIndex = 1; lastKnownFileType = text.xcconfig; name = "Pods-TestStuff.release.xcconfig"; path = "Pods/Target Support Files/Pods-TestStuff/Pods-TestStuff.release.xcconfig"; sourceTree = "<group>"; };
		D294D662EFBE5E7100BF4B45 /* Pods-TestStuff.debug.xcconfig */ = {isa = PBXFileReference; includeInIndex = 1; lastKnownFileType = text.xcconfig; name = "Pods-TestStuff.debug.xcconfig"; path = "Pods/Target Support Files/Pods-TestStuff/Pods-TestStuff.debug.xcconfig"; sourceTree = "<group>"; };
/* End PBXFileReference section */

/* Begin PBXFrameworksBuildPhase section */
		0E07BA1A1E25F7B1000117A2 /* Frameworks */ = {
			isa = PBXFrameworksBuildPhase;
			buildActionMask = 2147483647;
			files = (
				73E8BB6015B605A9E39C9726 /* Pods_TestStuff.framework in Frameworks */,
			);
			runOnlyForDeploymentPostprocessing = 0;
		};
/* End PBXFrameworksBuildPhase section */

/* Begin PBXGroup section */
		0E07BA141E25F7B1000117A2 = {
			isa = PBXGroup;
			children = (
				0E07BA1F1E25F7B1000117A2 /* TestStuff */,
				0E07BA1E1E25F7B1000117A2 /* Products */,
				6B9B5F2F8085949E939E565D /* Pods */,
				5D15D4F9C26BF74222B51E64 /* Frameworks */,
			);
			sourceTree = "<group>";
		};
		0E07BA1E1E25F7B1000117A2 /* Products */ = {
			isa = PBXGroup;
			children = (
				0E07BA1D1E25F7B1000117A2 /* TestStuff.app */,
			);
			name = Products;
			sourceTree = "<group>";
		};
		0E07BA1F1E25F7B1000117A2 /* TestStuff */ = {
			isa = PBXGroup;
			children = (
				0EC7FA491E26C084002E7DE9 /* TestStuff.entitlements */,
				0E07BA321E25F802000117A2 /* GoogleService-Info.plist */,
				0E07BA201E25F7B1000117A2 /* AppDelegate.swift */,
				0E07BA221E25F7B1000117A2 /* ViewController.swift */,
				0E07BA241E25F7B1000117A2 /* Main.storyboard */,
				0E07BA271E25F7B1000117A2 /* Assets.xcassets */,
				0E07BA291E25F7B1000117A2 /* LaunchScreen.storyboard */,
				0E07BA2C1E25F7B1000117A2 /* Info.plist */,
			);
			path = TestStuff;
			sourceTree = "<group>";
		};
		5D15D4F9C26BF74222B51E64 /* Frameworks */ = {
			isa = PBXGroup;
			children = (
				B648D90812E840608E31734F /* Pods_TestStuff.framework */,
			);
			name = Frameworks;
			sourceTree = "<group>";
		};
		6B9B5F2F8085949E939E565D /* Pods */ = {
			isa = PBXGroup;
			children = (
				D294D662EFBE5E7100BF4B45 /* Pods-TestStuff.debug.xcconfig */,
				CF52DAF09343AA9A9AC8CAD0 /* Pods-TestStuff.release.xcconfig */,
			);
			name = Pods;
			sourceTree = "<group>";
		};
/* End PBXGroup section */

/* Begin PBXNativeTarget section */
		0E07BA1C1E25F7B1000117A2 /* TestStuff */ = {
			isa = PBXNativeTarget;
			buildConfigurationList = 0E07BA2F1E25F7B1000117A2 /* Build configuration list for PBXNativeTarget "TestStuff" */;
			buildPhases = (
				26C958C05E4CB330AAB61466 /* [CP] Check Pods Manifest.lock */,
				0E07BA191E25F7B1000117A2 /* Sources */,
				0E07BA1A1E25F7B1000117A2 /* Frameworks */,
				0E07BA1B1E25F7B1000117A2 /* Resources */,
				01F2AB795199D13FA9558B01 /* [CP] Embed Pods Frameworks */,
				2D9A11F3C5AD4AD17ECBC9CA /* [CP] Copy Pods Resources */,
			);
			buildRules = (
			);
			dependencies = (
			);
			name = TestStuff;
			productName = TestStuff;
			productReference = 0E07BA1D1E25F7B1000117A2 /* TestStuff.app */;
			productType = "com.apple.product-type.application";
		};
/* End PBXNativeTarget section */

/* Begin PBXProject section */
		0E07BA151E25F7B1000117A2 /* Project object */ = {
			isa = PBXProject;
			attributes = {
				LastSwiftUpdateCheck = 0820;
				LastUpgradeCheck = 0820;
				ORGANIZATIONNAME = "Chase McElroy";
				TargetAttributes = {
					0E07BA1C1E25F7B1000117A2 = {
						CreatedOnToolsVersion = 8.2.1;
						DevelopmentTeam = J2C764CY4K;
						ProvisioningStyle = Automatic;
						SystemCapabilities = {
							com.apple.Push = {
								enabled = 1;
							};
						};
					};
				};
			};
			buildConfigurationList = 0E07BA181E25F7B1000117A2 /* Build configuration list for PBXProject "TestStuff" */;
			compatibilityVersion = "Xcode 3.2";
			developmentRegion = English;
			hasScannedForEncodings = 0;
			knownRegions = (
				en,
				Base,
			);
			mainGroup = 0E07BA141E25F7B1000117A2;
			productRefGroup = 0E07BA1E1E25F7B1000117A2 /* Products */;
			projectDirPath = "";
			projectRoot = "";
			targets = (
				0E07BA1C1E25F7B1000117A2 /* TestStuff */,
			);
		};
/* End PBXProject section */

/* Begin PBXResourcesBuildPhase section */
		0E07BA1B1E25F7B1000117A2 /* Resources */ = {
			isa = PBXResourcesBuildPhase;
			buildActionMask = 2147483647;
			files = (
				0E07BA2B1E25F7B1000117A2 /* LaunchScreen.storyboard in Resources */,
				0E07BA331E25F802000117A2 /* GoogleService-Info.plist in Resources */,
				0E07BA281E25F7B1000117A2 /* Assets.xcassets in Resources */,
				0E07BA261E25F7B1000117A2 /* Main.storyboard in Resources */,
			);
			runOnlyForDeploymentPostprocessing = 0;
		};
/* End PBXResourcesBuildPhase section */

/* Begin PBXShellScriptBuildPhase section */
		01F2AB795199D13FA9558B01 /* [CP] Embed Pods Frameworks */ = {
			isa = PBXShellScriptBuildPhase;
			buildActionMask = 2147483647;
			files = (
			);
			inputPaths = (
			);
			name = "[CP] Embed Pods Frameworks";
			outputPaths = (
			);
			runOnlyForDeploymentPostprocessing = 0;
			shellPath = /bin/sh;
			shellScript = "\"${SRCROOT}/Pods/Target Support Files/Pods-TestStuff/Pods-TestStuff-frameworks.sh\"\n";
			showEnvVarsInLog = 0;
		};
		26C958C05E4CB330AAB61466 /* [CP] Check Pods Manifest.lock */ = {
			isa = PBXShellScriptBuildPhase;
			buildActionMask = 2147483647;
			files = (
			);
			inputPaths = (
			);
			name = "[CP] Check Pods Manifest.lock";
			outputPaths = (
			);
			runOnlyForDeploymentPostprocessing = 0;
			shellPath = /bin/sh;
			shellScript = "diff \"${PODS_ROOT}/../Podfile.lock\" \"${PODS_ROOT}/Manifest.lock\" > /dev/null\nif [ $? != 0 ] ; then\n    # print error to STDERR\n    echo \"error: The sandbox is not in sync with the Podfile.lock. Run 'pod install' or update your CocoaPods installation.\" >&2\n    exit 1\nfi\n";
			showEnvVarsInLog = 0;
		};
		2D9A11F3C5AD4AD17ECBC9CA /* [CP] Copy Pods Resources */ = {
			isa = PBXShellScriptBuildPhase;
			buildActionMask = 2147483647;
			files = (
			);
			inputPaths = (
			);
			name = "[CP] Copy Pods Resources";
			outputPaths = (
			);
			runOnlyForDeploymentPostprocessing = 0;
			shellPath = /bin/sh;
			shellScript = "\"${SRCROOT}/Pods/Target Support Files/Pods-TestStuff/Pods-TestStuff-resources.sh\"\n";
			showEnvVarsInLog = 0;
		};
/* End PBXShellScriptBuildPhase section */

/* Begin PBXSourcesBuildPhase section */
		0E07BA191E25F7B1000117A2 /* Sources */ = {
			isa = PBXSourcesBuildPhase;
			buildActionMask = 2147483647;
			files = (
				0E07BA231E25F7B1000117A2 /* ViewController.swift in Sources */,
				0E07BA211E25F7B1000117A2 /* AppDelegate.swift in Sources */,
			);
			runOnlyForDeploymentPostprocessing = 0;
		};
/* End PBXSourcesBuildPhase section */

/* Begin PBXVariantGroup section */
		0E07BA241E25F7B1000117A2 /* Main.storyboard */ = {
			isa = PBXVariantGroup;
			children = (
				0E07BA251E25F7B1000117A2 /* Base */,
			);
			name = Main.storyboard;
			sourceTree = "<group>";
		};
		0E07BA291E25F7B1000117A2 /* LaunchScreen.storyboard */ = {
			isa = PBXVariantGroup;
			children = (
				0E07BA2A1E25F7B1000117A2 /* Base */,
			);
			name = LaunchScreen.storyboard;
			sourceTree = "<group>";
		};
/* End PBXVariantGroup section */

/* Begin XCBuildConfiguration section */
		0E07BA2D1E25F7B1000117A2 /* Debug */ = {
			isa = XCBuildConfiguration;
			buildSettings = {
				ALWAYS_SEARCH_USER_PATHS = NO;
				CLANG_ANALYZER_NONNULL = YES;
				CLANG_CXX_LANGUAGE_STANDARD = "gnu++0x";
				CLANG_CXX_LIBRARY = "libc++";
				CLANG_ENABLE_MODULES = YES;
				CLANG_ENABLE_OBJC_ARC = YES;
				CLANG_WARN_BOOL_CONVERSION = YES;
				CLANG_WARN_CONSTANT_CONVERSION = YES;
				CLANG_WARN_DIRECT_OBJC_ISA_USAGE = YES_ERROR;
				CLANG_WARN_DOCUMENTATION_COMMENTS = YES;
				CLANG_WARN_EMPTY_BODY = YES;
				CLANG_WARN_ENUM_CONVERSION = YES;
				CLANG_WARN_INFINITE_RECURSION = YES;
				CLANG_WARN_INT_CONVERSION = YES;
				CLANG_WARN_OBJC_ROOT_CLASS = YES_ERROR;
				CLANG_WARN_SUSPICIOUS_MOVE = YES;
				CLANG_WARN_UNREACHABLE_CODE = YES;
				CLANG_WARN__DUPLICATE_METHOD_MATCH = YES;
				"CODE_SIGN_IDENTITY[sdk=iphoneos*]" = "iPhone Developer";
				COPY_PHASE_STRIP = NO;
				DEBUG_INFORMATION_FORMAT = dwarf;
				ENABLE_STRICT_OBJC_MSGSEND = YES;
				ENABLE_TESTABILITY = YES;
				GCC_C_LANGUAGE_STANDARD = gnu99;
				GCC_DYNAMIC_NO_PIC = NO;
				GCC_NO_COMMON_BLOCKS = YES;
				GCC_OPTIMIZATION_LEVEL = 0;
				GCC_PREPROCESSOR_DEFINITIONS = (
					"DEBUG=1",
					"$(inherited)",
				);
				GCC_WARN_64_TO_32_BIT_CONVERSION = YES;
				GCC_WARN_ABOUT_RETURN_TYPE = YES_ERROR;
				GCC_WARN_UNDECLARED_SELECTOR = YES;
				GCC_WARN_UNINITIALIZED_AUTOS = YES_AGGRESSIVE;
				GCC_WARN_UNUSED_FUNCTION = YES;
				GCC_WARN_UNUSED_VARIABLE = YES;
				IPHONEOS_DEPLOYMENT_TARGET = 10.2;
				MTL_ENABLE_DEBUG_INFO = YES;
				ONLY_ACTIVE_ARCH = YES;
				SDKROOT = iphoneos;
				SWIFT_ACTIVE_COMPILATION_CONDITIONS = DEBUG;
				SWIFT_OPTIMIZATION_LEVEL = "-Onone";
				TARGETED_DEVICE_FAMILY = "1,2";
			};
			name = Debug;
		};
		0E07BA2E1E25F7B1000117A2 /* Release */ = {
			isa = XCBuildConfiguration;
			buildSettings = {
				ALWAYS_SEARCH_USER_PATHS = NO;
				CLANG_ANALYZER_NONNULL = YES;
				CLANG_CXX_LANGUAGE_STANDARD = "gnu++0x";
				CLANG_CXX_LIBRARY = "libc++";
				CLANG_ENABLE_MODULES = YES;
				CLANG_ENABLE_OBJC_ARC = YES;
				CLANG_WARN_BOOL_CONVERSION = YES;
				CLANG_WARN_CONSTANT_CONVERSION = YES;
				CLANG_WARN_DIRECT_OBJC_ISA_USAGE = YES_ERROR;
				CLANG_WARN_DOCUMENTATION_COMMENTS = YES;
				CLANG_WARN_EMPTY_BODY = YES;
				CLANG_WARN_ENUM_CONVERSION = YES;
				CLANG_WARN_INFINITE_RECURSION = YES;
				CLANG_WARN_INT_CONVERSION = YES;
				CLANG_WARN_OBJC_ROOT_CLASS = YES_ERROR;
				CLANG_WARN_SUSPICIOUS_MOVE = YES;
				CLANG_WARN_UNREACHABLE_CODE = YES;
				CLANG_WARN__DUPLICATE_METHOD_MATCH = YES;
				"CODE_SIGN_IDENTITY[sdk=iphoneos*]" = "iPhone Developer";
				COPY_PHASE_STRIP = NO;
				DEBUG_INFORMATION_FORMAT = "dwarf-with-dsym";
				ENABLE_NS_ASSERTIONS = NO;
				ENABLE_STRICT_OBJC_MSGSEND = YES;
				GCC_C_LANGUAGE_STANDARD = gnu99;
				GCC_NO_COMMON_BLOCKS = YES;
				GCC_WARN_64_TO_32_BIT_CONVERSION = YES;
				GCC_WARN_ABOUT_RETURN_TYPE = YES_ERROR;
				GCC_WARN_UNDECLARED_SELECTOR = YES;
				GCC_WARN_UNINITIALIZED_AUTOS = YES_AGGRESSIVE;
				GCC_WARN_UNUSED_FUNCTION = YES;
				GCC_WARN_UNUSED_VARIABLE = YES;
				IPHONEOS_DEPLOYMENT_TARGET = 10.2;
				MTL_ENABLE_DEBUG_INFO = NO;
				SDKROOT = iphoneos;
				SWIFT_OPTIMIZATION_LEVEL = "-Owholemodule";
				TARGETED_DEVICE_FAMILY = "1,2";
				VALIDATE_PRODUCT = YES;
			};
			name = Release;
		};
		0E07BA301E25F7B1000117A2 /* Debug */ = {
			isa = XCBuildConfiguration;
			baseConfigurationReference = D294D662EFBE5E7100BF4B45 /* Pods-TestStuff.debug.xcconfig */;
			buildSettings = {
				ASSETCATALOG_COMPILER_APPICON_NAME = AppIcon;
				CODE_SIGN_ENTITLEMENTS = TestStuff/TestStuff.entitlements;
				DEVELOPMENT_TEAM = J2C764CY4K;
				INFOPLIST_FILE = TestStuff/Info.plist;
				LD_RUNPATH_SEARCH_PATHS = "$(inherited) @executable_path/Frameworks";
				PRODUCT_BUNDLE_IDENTIFIER = bio.chase.TestStuff;
				PRODUCT_NAME = "$(TARGET_NAME)";
				SWIFT_VERSION = 3.0;
			};
			name = Debug;
		};
		0E07BA311E25F7B1000117A2 /* Release */ = {
			isa = XCBuildConfiguration;
			baseConfigurationReference = CF52DAF09343AA9A9AC8CAD0 /* Pods-TestStuff.release.xcconfig */;
			buildSettings = {
				ASSETCATALOG_COMPILER_APPICON_NAME = AppIcon;
				CODE_SIGN_ENTITLEMENTS = TestStuff/TestStuff.entitlements;
				DEVELOPMENT_TEAM = J2C764CY4K;
				INFOPLIST_FILE = TestStuff/Info.plist;
				LD_RUNPATH_SEARCH_PATHS = "$(inherited) @executable_path/Frameworks";
				PRODUCT_BUNDLE_IDENTIFIER = bio.chase.TestStuff;
				PRODUCT_NAME = "$(TARGET_NAME)";
				SWIFT_VERSION = 3.0;
			};
			name = Release;
		};
/* End XCBuildConfiguration section */

/* Begin XCConfigurationList section */
		0E07BA181E25F7B1000117A2 /* Build configuration list for PBXProject "TestStuff" */ = {
			isa = XCConfigurationList;
			buildConfigurations = (
				0E07BA2D1E25F7B1000117A2 /* Debug */,
				0E07BA2E1E25F7B1000117A2 /* Release */,
			);
			defaultConfigurationIsVisible = 0;
			defaultConfigurationName = Release;
		};
		0E07BA2F1E25F7B1000117A2 /* Build configuration list for PBXNativeTarget "TestStuff" */ = {
			isa = XCConfigurationList;
			buildConfigurations = (
				0E07BA301E25F7B1000117A2 /* Debug */,
				0E07BA311E25F7B1000117A2 /* Release */,
			);
			defaultConfigurationIsVisible = 0;
			defaultConfigurationName = Release;
		};
/* End XCConfigurationList section */
	};
	rootObject = 0E07BA151E25F7B1000117A2 /* Project object */;
}
